
Microsoft Visual Studio Solution File, Format Version 12.00
# Visual Studio Version 16
VisualStudioVersion = 16.0.29409.12
MinimumVisualStudioVersion = 10.0.40219.1
Project("{8BC9CEB8-8B4A-11D0-8D11-00A0C91BC942}") = "PKCS11_Connector", "BIC_PKCS11\PKCS11_Connector\PKCS11_Connector.vcxproj", "{0DDAD166-4627-4389-B718-00D1705EC214}"
EndProject
Project("{FAE04EC0-301F-11D3-BF4B-00C04F79EFBC}") = "akv_pkcs11.Test", "Test_Projects\akv_pkcs11.Test\akv_pkcs11.Test.csproj", "{48D0D3CF-FB72-4E9B-9F08-358A7E366E7C}"
	ProjectSection(ProjectDependencies) = postProject
		{0DDAD166-4627-4389-B718-00D1705EC214} = {0DDAD166-4627-4389-B718-00D1705EC214}
	EndProjectSection
EndProject
Project("{8BC9CEB8-8B4A-11D0-8D11-00A0C91BC942}") = "PKCS11_Installer", "BIC_PKCS11\PKCS11_Installer\PKCS11_Installer.vcxproj", "{5972332B-8469-4014-9A5F-F5C720D5E1BD}"
	ProjectSection(ProjectDependencies) = postProject
		{0DDAD166-4627-4389-B718-00D1705EC214} = {0DDAD166-4627-4389-B718-00D1705EC214}
	EndProjectSection
EndProject
Project("{8BC9CEB8-8B4A-11D0-8D11-00A0C91BC942}") = "AKV_Module", "Modules\AKV_Module\AKV_Module.vcxitems", "{70F5DBAE-1BB1-4386-8E4E-48B9C4ACDC9F}"
EndProject
Project("{8BC9CEB8-8B4A-11D0-8D11-00A0C91BC942}") = "CNG_Connector", "BIC_CNG\CNG_Connector\CNG_Connector.vcxproj", "{DAACC4A5-F42F-4208-A9A0-9092BE419ADF}"
EndProject
Project("{8BC9CEB8-8B4A-11D0-8D11-00A0C91BC942}") = "akv_CNG.Test", "Test_Projects\akv_CNG.Test\akv_CNG.Test.vcxproj", "{354144D7-A0FE-4448-A47F-A90AB11F5F88}"
EndProject
Project("{8BC9CEB8-8B4A-11D0-8D11-00A0C91BC942}") = "Common_Module", "Modules\Common_Module\Common_Module.vcxitems", "{AB4E8B30-72A0-45CE-BBB8-84CC04C6EEA6}"
EndProject
Project("{2150E333-8FDC-42A3-9474-1A3956D46DE8}") = "Modules", "Modules", "{DBC9CA48-6EF2-4BEB-A3FC-4280D8A12294}"
EndProject
Project("{2150E333-8FDC-42A3-9474-1A3956D46DE8}") = "Test", "Test", "{6C8D3785-F699-4366-A9F6-5EC0BED8DCE2}"
EndProject
Project("{2150E333-8FDC-42A3-9474-1A3956D46DE8}") = "PKCS11", "PKCS11", "{4C148187-3716-4F75-B7F7-C691964F9EDC}"
EndProject
Project("{2150E333-8FDC-42A3-9474-1A3956D46DE8}") = "CNG", "CNG", "{11FD336F-4F0D-468B-91C9-370DAEA2F7D5}"
EndProject
Project("{8BC9CEB8-8B4A-11D0-8D11-00A0C91BC942}") = "CNG_Register", "BIC_CNG\CNG_Register\CNG_Register.vcxproj", "{770F20A0-4DB7-49F0-A0D1-3EE9880AC252}"
EndProject
Project("{8BC9CEB8-8B4A-11D0-8D11-00A0C91BC942}") = "CNG_EncryptConfig", "BIC_CNG\CNG_EncryptConfig\CNG_EncryptConfig.vcxproj", "{15346CAC-6359-4DCB-B406-353D2618ACA5}"
EndProject
Project("{54435603-DBB4-11D2-8724-00A0C9A8B90C}") = "CNG_Installer", "BIC_CNG\CNG_Installer\CNG_Installer.vdproj", "{1B769F4E-1C1F-487F-8FF8-A1753EAC7353}"
EndProject
Project("{8BC9CEB8-8B4A-11D0-8D11-00A0C91BC942}") = "ConfFile_Formatter", "BIC_CNG\ConfFile_Formatter\ConfFile_Formatter.vcxproj", "{6EBCB97C-1C65-444B-8DDE-3DF62E857CCA}"
EndProject
Global
	GlobalSection(SharedMSBuildProjectFiles) = preSolution
		Modules\AKV_Module\AKV_Module.vcxitems*{0ddad166-4627-4389-b718-00d1705ec214}*SharedItemsImports = 4
		Modules\Common_Module\Common_Module.vcxitems*{0ddad166-4627-4389-b718-00d1705ec214}*SharedItemsImports = 4
		Modules\AKV_Module\AKV_Module.vcxitems*{15346cac-6359-4dcb-b406-353d2618aca5}*SharedItemsImports = 4
		Modules\Common_Module\Common_Module.vcxitems*{15346cac-6359-4dcb-b406-353d2618aca5}*SharedItemsImports = 4
		Modules\AKV_Module\AKV_Module.vcxitems*{70f5dbae-1bb1-4386-8e4e-48b9c4acdc9f}*SharedItemsImports = 9
		Modules\Common_Module\Common_Module.vcxitems*{ab4e8b30-72a0-45ce-bbb8-84cc04c6eea6}*SharedItemsImports = 9
		Modules\AKV_Module\AKV_Module.vcxitems*{daacc4a5-f42f-4208-a9a0-9092be419adf}*SharedItemsImports = 4
		Modules\Common_Module\Common_Module.vcxitems*{daacc4a5-f42f-4208-a9a0-9092be419adf}*SharedItemsImports = 4
	EndGlobalSection
	GlobalSection(SolutionConfigurationPlatforms) = preSolution
		Debug|Any CPU = Debug|Any CPU
		Debug|x64 = Debug|x64
		Debug|x86 = Debug|x86
		Release|Any CPU = Release|Any CPU
		Release|x64 = Release|x64
		Release|x86 = Release|x86
	EndGlobalSection
	GlobalSection(ProjectConfigurationPlatforms) = postSolution
		{0DDAD166-4627-4389-B718-00D1705EC214}.Debug|Any CPU.ActiveCfg = Debug|Win32
		{0DDAD166-4627-4389-B718-00D1705EC214}.Debug|x64.ActiveCfg = Debug|x64
		{0DDAD166-4627-4389-B718-00D1705EC214}.Debug|x64.Build.0 = Debug|x64
		{0DDAD166-4627-4389-B718-00D1705EC214}.Debug|x86.ActiveCfg = Debug|Win32
		{0DDAD166-4627-4389-B718-00D1705EC214}.Debug|x86.Build.0 = Debug|Win32
		{0DDAD166-4627-4389-B718-00D1705EC214}.Release|Any CPU.ActiveCfg = Release|Win32
		{0DDAD166-4627-4389-B718-00D1705EC214}.Release|x64.ActiveCfg = Release|x64
		{0DDAD166-4627-4389-B718-00D1705EC214}.Release|x64.Build.0 = Release|x64
		{0DDAD166-4627-4389-B718-00D1705EC214}.Release|x86.ActiveCfg = Release|Win32
		{0DDAD166-4627-4389-B718-00D1705EC214}.Release|x86.Build.0 = Release|Win32
		{48D0D3CF-FB72-4E9B-9F08-358A7E366E7C}.Debug|Any CPU.ActiveCfg = Debug|Any CPU
		{48D0D3CF-FB72-4E9B-9F08-358A7E366E7C}.Debug|Any CPU.Build.0 = Debug|Any CPU
		{48D0D3CF-FB72-4E9B-9F08-358A7E366E7C}.Debug|x64.ActiveCfg = Debug|Any CPU
		{48D0D3CF-FB72-4E9B-9F08-358A7E366E7C}.Debug|x64.Build.0 = Debug|Any CPU
		{48D0D3CF-FB72-4E9B-9F08-358A7E366E7C}.Debug|x86.ActiveCfg = Debug|Any CPU
		{48D0D3CF-FB72-4E9B-9F08-358A7E366E7C}.Debug|x86.Build.0 = Debug|Any CPU
		{48D0D3CF-FB72-4E9B-9F08-358A7E366E7C}.Release|Any CPU.ActiveCfg = Release|Any CPU
		{48D0D3CF-FB72-4E9B-9F08-358A7E366E7C}.Release|Any CPU.Build.0 = Release|Any CPU
		{48D0D3CF-FB72-4E9B-9F08-358A7E366E7C}.Release|x64.ActiveCfg = Release|Any CPU
		{48D0D3CF-FB72-4E9B-9F08-358A7E366E7C}.Release|x64.Build.0 = Release|Any CPU
		{48D0D3CF-FB72-4E9B-9F08-358A7E366E7C}.Release|x86.ActiveCfg = Release|Any CPU
		{48D0D3CF-FB72-4E9B-9F08-358A7E366E7C}.Release|x86.Build.0 = Release|Any CPU
		{5972332B-8469-4014-9A5F-F5C720D5E1BD}.Debug|Any CPU.ActiveCfg = Release|x64
		{5972332B-8469-4014-9A5F-F5C720D5E1BD}.Debug|x64.ActiveCfg = Debug|x64
		{5972332B-8469-4014-9A5F-F5C720D5E1BD}.Debug|x86.ActiveCfg = Debug|Win32
		{5972332B-8469-4014-9A5F-F5C720D5E1BD}.Release|Any CPU.ActiveCfg = Release|x64
		{5972332B-8469-4014-9A5F-F5C720D5E1BD}.Release|Any CPU.Build.0 = Release|x64
		{5972332B-8469-4014-9A5F-F5C720D5E1BD}.Release|x64.ActiveCfg = Release|x64
		{5972332B-8469-4014-9A5F-F5C720D5E1BD}.Release|x64.Build.0 = Release|x64
		{5972332B-8469-4014-9A5F-F5C720D5E1BD}.Release|x86.ActiveCfg = Release|Win32
		{5972332B-8469-4014-9A5F-F5C720D5E1BD}.Release|x86.Build.0 = Release|Win32
		{DAACC4A5-F42F-4208-A9A0-9092BE419ADF}.Debug|Any CPU.ActiveCfg = Release|x64
		{DAACC4A5-F42F-4208-A9A0-9092BE419ADF}.Debug|Any CPU.Build.0 = Release|x64
		{DAACC4A5-F42F-4208-A9A0-9092BE419ADF}.Debug|x64.ActiveCfg = Debug|x64
		{DAACC4A5-F42F-4208-A9A0-9092BE419ADF}.Debug|x64.Build.0 = Debug|x64
		{DAACC4A5-F42F-4208-A9A0-9092BE419ADF}.Debug|x86.ActiveCfg = Debug|Win32
		{DAACC4A5-F42F-4208-A9A0-9092BE419ADF}.Debug|x86.Build.0 = Debug|Win32
		{DAACC4A5-F42F-4208-A9A0-9092BE419ADF}.Release|Any CPU.ActiveCfg = Release|x64
		{DAACC4A5-F42F-4208-A9A0-9092BE419ADF}.Release|Any CPU.Build.0 = Release|x64
		{DAACC4A5-F42F-4208-A9A0-9092BE419ADF}.Release|x64.ActiveCfg = Release|x64
		{DAACC4A5-F42F-4208-A9A0-9092BE419ADF}.Release|x64.Build.0 = Release|x64
		{DAACC4A5-F42F-4208-A9A0-9092BE419ADF}.Release|x86.ActiveCfg = Release|Win32
		{DAACC4A5-F42F-4208-A9A0-9092BE419ADF}.Release|x86.Build.0 = Release|Win32
		{354144D7-A0FE-4448-A47F-A90AB11F5F88}.Debug|Any CPU.ActiveCfg = Release|x64
		{354144D7-A0FE-4448-A47F-A90AB11F5F88}.Debug|Any CPU.Build.0 = Release|x64
		{354144D7-A0FE-4448-A47F-A90AB11F5F88}.Debug|x64.ActiveCfg = Debug|x64
		{354144D7-A0FE-4448-A47F-A90AB11F5F88}.Debug|x64.Build.0 = Debug|x64
		{354144D7-A0FE-4448-A47F-A90AB11F5F88}.Debug|x86.ActiveCfg = Debug|Win32
		{354144D7-A0FE-4448-A47F-A90AB11F5F88}.Release|Any CPU.ActiveCfg = Release|x64
		{354144D7-A0FE-4448-A47F-A90AB11F5F88}.Release|Any CPU.Build.0 = Release|x64
		{354144D7-A0FE-4448-A47F-A90AB11F5F88}.Release|x64.ActiveCfg = Release|x64
		{354144D7-A0FE-4448-A47F-A90AB11F5F88}.Release|x64.Build.0 = Release|x64
		{354144D7-A0FE-4448-A47F-A90AB11F5F88}.Release|x86.ActiveCfg = Release|Win32
		{770F20A0-4DB7-49F0-A0D1-3EE9880AC252}.Debug|Any CPU.ActiveCfg = Release|x64
		{770F20A0-4DB7-49F0-A0D1-3EE9880AC252}.Debug|Any CPU.Build.0 = Release|x64
		{770F20A0-4DB7-49F0-A0D1-3EE9880AC252}.Debug|x64.ActiveCfg = Debug|x64
		{770F20A0-4DB7-49F0-A0D1-3EE9880AC252}.Debug|x64.Build.0 = Debug|x64
		{770F20A0-4DB7-49F0-A0D1-3EE9880AC252}.Debug|x86.ActiveCfg = Debug|Win32
		{770F20A0-4DB7-49F0-A0D1-3EE9880AC252}.Debug|x86.Build.0 = Debug|Win32
		{770F20A0-4DB7-49F0-A0D1-3EE9880AC252}.Release|Any CPU.ActiveCfg = Release|x64
		{770F20A0-4DB7-49F0-A0D1-3EE9880AC252}.Release|Any CPU.Build.0 = Release|x64
		{770F20A0-4DB7-49F0-A0D1-3EE9880AC252}.Release|x64.ActiveCfg = Release|x64
		{770F20A0-4DB7-49F0-A0D1-3EE9880AC252}.Release|x64.Build.0 = Release|x64
		{770F20A0-4DB7-49F0-A0D1-3EE9880AC252}.Release|x86.ActiveCfg = Release|Win32
		{770F20A0-4DB7-49F0-A0D1-3EE9880AC252}.Release|x86.Build.0 = Release|Win32
		{15346CAC-6359-4DCB-B406-353D2618ACA5}.Debug|Any CPU.ActiveCfg = Release|x64
		{15346CAC-6359-4DCB-B406-353D2618ACA5}.Debug|Any CPU.Build.0 = Release|x64
		{15346CAC-6359-4DCB-B406-353D2618ACA5}.Debug|x64.ActiveCfg = Debug|x64
		{15346CAC-6359-4DCB-B406-353D2618ACA5}.Debug|x64.Build.0 = Debug|x64
		{15346CAC-6359-4DCB-B406-353D2618ACA5}.Debug|x86.ActiveCfg = Debug|Win32
		{15346CAC-6359-4DCB-B406-353D2618ACA5}.Debug|x86.Build.0 = Debug|Win32
		{15346CAC-6359-4DCB-B406-353D2618ACA5}.Release|Any CPU.ActiveCfg = Release|x64
		{15346CAC-6359-4DCB-B406-353D2618ACA5}.Release|Any CPU.Build.0 = Release|x64
		{15346CAC-6359-4DCB-B406-353D2618ACA5}.Release|x64.ActiveCfg = Release|x64
		{15346CAC-6359-4DCB-B406-353D2618ACA5}.Release|x64.Build.0 = Release|x64
		{15346CAC-6359-4DCB-B406-353D2618ACA5}.Release|x86.ActiveCfg = Release|Win32
		{15346CAC-6359-4DCB-B406-353D2618ACA5}.Release|x86.Build.0 = Release|Win32
		{1B769F4E-1C1F-487F-8FF8-A1753EAC7353}.Debug|Any CPU.ActiveCfg = Debug
		{1B769F4E-1C1F-487F-8FF8-A1753EAC7353}.Debug|x64.ActiveCfg = Debug
		{1B769F4E-1C1F-487F-8FF8-A1753EAC7353}.Debug|x86.ActiveCfg = Debug
		{1B769F4E-1C1F-487F-8FF8-A1753EAC7353}.Release|Any CPU.ActiveCfg = Release
		{1B769F4E-1C1F-487F-8FF8-A1753EAC7353}.Release|x64.ActiveCfg = Release
		{1B769F4E-1C1F-487F-8FF8-A1753EAC7353}.Release|x64.Build.0 = Release
		{1B769F4E-1C1F-487F-8FF8-A1753EAC7353}.Release|x86.ActiveCfg = Release
		{6EBCB97C-1C65-444B-8DDE-3DF62E857CCA}.Debug|Any CPU.ActiveCfg = Release|x64
		{6EBCB97C-1C65-444B-8DDE-3DF62E857CCA}.Debug|Any CPU.Build.0 = Release|x64
		{6EBCB97C-1C65-444B-8DDE-3DF62E857CCA}.Debug|x64.ActiveCfg = Debug|x64
		{6EBCB97C-1C65-444B-8DDE-3DF62E857CCA}.Debug|x64.Build.0 = Debug|x64
		{6EBCB97C-1C65-444B-8DDE-3DF62E857CCA}.Debug|x86.ActiveCfg = Debug|Win32
		{6EBCB97C-1C65-444B-8DDE-3DF62E857CCA}.Debug|x86.Build.0 = Debug|Win32
		{6EBCB97C-1C65-444B-8DDE-3DF62E857CCA}.Release|Any CPU.ActiveCfg = Release|x64
		{6EBCB97C-1C65-444B-8DDE-3DF62E857CCA}.Release|Any CPU.Build.0 = Release|x64
		{6EBCB97C-1C65-444B-8DDE-3DF62E857CCA}.Release|x64.ActiveCfg = Release|x64
		{6EBCB97C-1C65-444B-8DDE-3DF62E857CCA}.Release|x64.Build.0 = Release|x64
		{6EBCB97C-1C65-444B-8DDE-3DF62E857CCA}.Release|x86.ActiveCfg = Release|Win32
		{6EBCB97C-1C65-444B-8DDE-3DF62E857CCA}.Release|x86.Build.0 = Release|Win32
	EndGlobalSection
	GlobalSection(SolutionProperties) = preSolution
		HideSolutionNode = FALSE
	EndGlobalSection
	GlobalSection(NestedProjects) = preSolution
		{0DDAD166-4627-4389-B718-00D1705EC214} = {4C148187-3716-4F75-B7F7-C691964F9EDC}
		{48D0D3CF-FB72-4E9B-9F08-358A7E366E7C} = {6C8D3785-F699-4366-A9F6-5EC0BED8DCE2}
		{5972332B-8469-4014-9A5F-F5C720D5E1BD} = {4C148187-3716-4F75-B7F7-C691964F9EDC}
		{70F5DBAE-1BB1-4386-8E4E-48B9C4ACDC9F} = {DBC9CA48-6EF2-4BEB-A3FC-4280D8A12294}
		{DAACC4A5-F42F-4208-A9A0-9092BE419ADF} = {11FD336F-4F0D-468B-91C9-370DAEA2F7D5}
		{354144D7-A0FE-4448-A47F-A90AB11F5F88} = {6C8D3785-F699-4366-A9F6-5EC0BED8DCE2}
		{AB4E8B30-72A0-45CE-BBB8-84CC04C6EEA6} = {DBC9CA48-6EF2-4BEB-A3FC-4280D8A12294}
		{770F20A0-4DB7-49F0-A0D1-3EE9880AC252} = {11FD336F-4F0D-468B-91C9-370DAEA2F7D5}
		{15346CAC-6359-4DCB-B406-353D2618ACA5} = {11FD336F-4F0D-468B-91C9-370DAEA2F7D5}
		{1B769F4E-1C1F-487F-8FF8-A1753EAC7353} = {11FD336F-4F0D-468B-91C9-370DAEA2F7D5}
		{6EBCB97C-1C65-444B-8DDE-3DF62E857CCA} = {11FD336F-4F0D-468B-91C9-370DAEA2F7D5}
	EndGlobalSection
	GlobalSection(ExtensibilityGlobals) = postSolution
		SolutionGuid = {B6A6422E-BB32-4681-BC54-9E61A7E3AD4E}
	EndGlobalSection
EndGlobal
